<?xml version="1.0" encoding="UTF-8" standalone="yes" ?>
<CodeBlocks_project_file>
	<FileVersion major="1" minor="6" />
	<Project>
		<Option title="Java" />
		<Option pch_mode="2" />
		<Option compiler="dmd" />
		<Build>
			<Target title="Debug">
				<Option output="bin/Debug/Java" prefix_auto="1" extension_auto="1" />
				<Option object_output="obj/Debug/" />
				<Option type="1" />
				<Option compiler="dmd" />
				<Compiler>
					<Add option="-g" />
					<Add option="-debug" />
				</Compiler>
			</Target>
			<Target title="Release">
				<Option output="bin/Release/Java" prefix_auto="1" extension_auto="1" />
				<Option object_output="obj/Release/" />
				<Option type="1" />
				<Option compiler="dmd" />
				<Compiler>
					<Add option="-O" />
				</Compiler>
			</Target>
		</Build>
		<Unit filename="java/awt/font/NumericShaper.d" />
		<Unit filename="java/awt/font/TextAttribute.d" />
		<Unit filename="java/beans/ChangeListenerMap.d" />
		<Unit filename="java/beans/IndexedPropertyChangeEvent.d" />
		<Unit filename="java/beans/PropertyChangeEvent.d" />
		<Unit filename="java/beans/PropertyChangeListener.d" />
		<Unit filename="java/beans/PropertyChangeListenerProxy.d" />
		<Unit filename="java/beans/PropertyChangeSupport.d" />
		<Unit filename="java/io/Bits.d" />
		<Unit filename="java/io/BufferedInputStream.d" />
		<Unit filename="java/io/BufferedOutputStream.d" />
		<Unit filename="java/io/BufferedReader.d" />
		<Unit filename="java/io/BufferedWriter.d" />
		<Unit filename="java/io/ByteArrayInputStream.d" />
		<Unit filename="java/io/ByteArrayOutputStream.d" />
		<Unit filename="java/io/CharArrayReader.d" />
		<Unit filename="java/io/CharArrayWriter.d" />
		<Unit filename="java/io/CharConversionException.d" />
		<Unit filename="java/io/Closeable.d" />
		<Unit filename="java/io/Console.d" />
		<Unit filename="java/io/DataInput.d" />
		<Unit filename="java/io/DataInputStream.d" />
		<Unit filename="java/io/DataOutput.d" />
		<Unit filename="java/io/DataOutputStream.d" />
		<Unit filename="java/io/DefaultFileSystem.d" />
		<Unit filename="java/io/DeleteOnExitHook.d" />
		<Unit filename="java/io/EOFException.d" />
		<Unit filename="java/io/ExpiringCache.d" />
		<Unit filename="java/io/Externalizable.d" />
		<Unit filename="java/io/File.d" />
		<Unit filename="java/io/FileDescriptor.d" />
		<Unit filename="java/io/FileFilter.d" />
		<Unit filename="java/io/FileInputStream.d" />
		<Unit filename="java/io/FileNotFoundException.d" />
		<Unit filename="java/io/FileOutputStream.d" />
		<Unit filename="java/io/FilePermission.d" />
		<Unit filename="java/io/FileReader.d" />
		<Unit filename="java/io/FileSystem.d" />
		<Unit filename="java/io/FileWriter.d" />
		<Unit filename="java/io/FilenameFilter.d" />
		<Unit filename="java/io/FilterInputStream.d" />
		<Unit filename="java/io/FilterOutputStream.d" />
		<Unit filename="java/io/FilterReader.d" />
		<Unit filename="java/io/FilterWriter.d" />
		<Unit filename="java/io/Flushable.d" />
		<Unit filename="java/io/IOError.d" />
		<Unit filename="java/io/IOException.d" />
		<Unit filename="java/io/InputStream.d" />
		<Unit filename="java/io/InputStreamReader.d" />
		<Unit filename="java/io/InterruptedIOException.d" />
		<Unit filename="java/io/InvalidClassException.d" />
		<Unit filename="java/io/InvalidObjectException.d" />
		<Unit filename="java/io/LineNumberInputStream.d" />
		<Unit filename="java/io/LineNumberReader.d" />
		<Unit filename="java/io/NotActiveException.d" />
		<Unit filename="java/io/NotSerializableException.d" />
		<Unit filename="java/io/ObjectInput.d" />
		<Unit filename="java/io/ObjectInputStream.d" />
		<Unit filename="java/io/ObjectInputValidation.d" />
		<Unit filename="java/io/ObjectOutput.d" />
		<Unit filename="java/io/ObjectOutputStream.d" />
		<Unit filename="java/io/ObjectStreamClass.d" />
		<Unit filename="java/io/ObjectStreamConstants.d" />
		<Unit filename="java/io/ObjectStreamException.d" />
		<Unit filename="java/io/ObjectStreamField.d" />
		<Unit filename="java/io/OptionalDataException.d" />
		<Unit filename="java/io/OutputStream.d" />
		<Unit filename="java/io/OutputStreamWriter.d" />
		<Unit filename="java/io/PipedInputStream.d" />
		<Unit filename="java/io/PipedOutputStream.d" />
		<Unit filename="java/io/PipedReader.d" />
		<Unit filename="java/io/PipedWriter.d" />
		<Unit filename="java/io/PrintStream.d" />
		<Unit filename="java/io/PrintWriter.d" />
		<Unit filename="java/io/PushbackInputStream.d" />
		<Unit filename="java/io/PushbackReader.d" />
		<Unit filename="java/io/RandomAccessFile.d" />
		<Unit filename="java/io/Reader.d" />
		<Unit filename="java/io/SequenceInputStream.d" />
		<Unit filename="java/io/SerialCallbackContext.d" />
		<Unit filename="java/io/Serializable.d" />
		<Unit filename="java/io/SerializablePermission.d" />
		<Unit filename="java/io/StreamCorruptedException.d" />
		<Unit filename="java/io/StreamTokenizer.d" />
		<Unit filename="java/io/StringBufferInputStream.d" />
		<Unit filename="java/io/StringReader.d" />
		<Unit filename="java/io/StringWriter.d" />
		<Unit filename="java/io/SyncFailedException.d" />
		<Unit filename="java/io/UTFDataFormatException.d" />
		<Unit filename="java/io/UncheckedIOException.d" />
		<Unit filename="java/io/UnixFileSystem.d" />
		<Unit filename="java/io/UnsupportedEncodingException.d" />
		<Unit filename="java/io/WriteAbortedException.d" />
		<Unit filename="java/io/Writer.d" />
		<Unit filename="java/lang/AbstractMethodError.d" />
		<Unit filename="java/lang/AbstractStringBuilder.d" />
		<Unit filename="java/lang/AndroidHardcodedSystemProperties.d" />
		<Unit filename="java/lang/Appendable.d" />
		<Unit filename="java/lang/ArithmeticException.d" />
		<Unit filename="java/lang/ArrayIndexOutOfBoundsException.d" />
		<Unit filename="java/lang/ArrayStoreException.d" />
		<Unit filename="java/lang/AssertionError.d" />
		<Unit filename="java/lang/AutoCloseable.d" />
		<Unit filename="java/lang/Boolean.d" />
		<Unit filename="java/lang/BootstrapMethodError.d" />
		<Unit filename="java/lang/Byte.d" />
		<Unit filename="java/lang/CaseMapper.d" />
		<Unit filename="java/lang/CharSequence.d" />
		<Unit filename="java/lang/Character.d" />
		<Unit filename="java/lang/Class.d" />
		<Unit filename="java/lang/ClassCastException.d" />
		<Unit filename="java/lang/ClassCircularityError.d" />
		<Unit filename="java/lang/ClassFormatError.d" />
		<Unit filename="java/lang/ClassLoader.d" />
		<Unit filename="java/lang/ClassNotFoundException.d" />
		<Unit filename="java/lang/CloneNotSupportedException.d" />
		<Unit filename="java/lang/Cloneable.d" />
		<Unit filename="java/lang/Comparable.d" />
		<Unit filename="java/lang/Compiler.d" />
		<Unit filename="java/lang/Daemons.d" />
		<Unit filename="java/lang/Deprecated.d" />
		<Unit filename="java/lang/DexCache.d" />
		<Unit filename="java/lang/Double.d" />
		<Unit filename="java/lang/Enum.d" />
		<Unit filename="java/lang/EnumConstantNotPresentException.d" />
		<Unit filename="java/lang/Error.d" />
		<Unit filename="java/lang/Exception.d" />
		<Unit filename="java/lang/ExceptionInInitializerError.d" />
		<Unit filename="java/lang/FindBugsSuppressWarnings.d" />
		<Unit filename="java/lang/Float.d" />
		<Unit filename="java/lang/FunctionalInterface.d" />
		<Unit filename="java/lang/IllegalAccessError.d" />
		<Unit filename="java/lang/IllegalAccessException.d" />
		<Unit filename="java/lang/IllegalArgumentException.d" />
		<Unit filename="java/lang/IllegalMonitorStateException.d" />
		<Unit filename="java/lang/IllegalStateException.d" />
		<Unit filename="java/lang/IllegalThreadStateException.d" />
		<Unit filename="java/lang/IncompatibleClassChangeError.d" />
		<Unit filename="java/lang/IndexOutOfBoundsException.d" />
		<Unit filename="java/lang/InheritableThreadLocal.d" />
		<Unit filename="java/lang/InstantiationError.d" />
		<Unit filename="java/lang/InstantiationException.d" />
		<Unit filename="java/lang/Integer.d" />
		<Unit filename="java/lang/InternalError.d" />
		<Unit filename="java/lang/InterruptedException.d" />
		<Unit filename="java/lang/Iterable.d" />
		<Unit filename="java/lang/LinkageError.d" />
		<Unit filename="java/lang/Long.d" />
		<Unit filename="java/lang/Math.d" />
		<Unit filename="java/lang/NegativeArraySizeException.d" />
		<Unit filename="java/lang/NoClassDefFoundError.d" />
		<Unit filename="java/lang/NoSuchFieldError.d" />
		<Unit filename="java/lang/NoSuchFieldException.d" />
		<Unit filename="java/lang/NoSuchMethodError.d" />
		<Unit filename="java/lang/NoSuchMethodException.d" />
		<Unit filename="java/lang/NullPointerException.d" />
		<Unit filename="java/lang/Number.d" />
		<Unit filename="java/lang/NumberFormatException.d" />
		<Unit filename="java/lang/Object.d" />
		<Unit filename="java/lang/OutOfMemoryError.d" />
		<Unit filename="java/lang/Override.d" />
		<Unit filename="java/lang/Package.d" />
		<Unit filename="java/lang/Process.d" />
		<Unit filename="java/lang/ProcessBuilder.d" />
		<Unit filename="java/lang/ProcessEnvironment.d" />
		<Unit filename="java/lang/ProcessImpl.d" />
		<Unit filename="java/lang/Readable.d" />
		<Unit filename="java/lang/ReflectiveOperationException.d" />
		<Unit filename="java/lang/Runnable.d" />
		<Unit filename="java/lang/Runtime.d" />
		<Unit filename="java/lang/RuntimeException.d" />
		<Unit filename="java/lang/RuntimePermission.d" />
		<Unit filename="java/lang/SafeVarargs.d" />
		<Unit filename="java/lang/SecurityException.d" />
		<Unit filename="java/lang/SecurityManager.d" />
		<Unit filename="java/lang/Short.d" />
		<Unit filename="java/lang/StackOverflowError.d" />
		<Unit filename="java/lang/StackTraceElement.d" />
		<Unit filename="java/lang/StrictMath.d" />
		<Unit filename="java/lang/String.d" />
		<Unit filename="java/lang/StringBuffer.d" />
		<Unit filename="java/lang/StringBuilder.d" />
		<Unit filename="java/lang/StringFactory.d" />
		<Unit filename="java/lang/StringIndexOutOfBoundsException.d" />
		<Unit filename="java/lang/SuppressWarnings.d" />
		<Unit filename="java/lang/System.d" />
		<Unit filename="java/lang/Thread.d" />
		<Unit filename="java/lang/ThreadDeath.d" />
		<Unit filename="java/lang/ThreadGroup.d" />
		<Unit filename="java/lang/ThreadLocal.d" />
		<Unit filename="java/lang/Throwable.d" />
		<Unit filename="java/lang/TypeNotPresentException.d" />
		<Unit filename="java/lang/UNIXProcess.d" />
		<Unit filename="java/lang/UnknownError.d" />
		<Unit filename="java/lang/UnsatisfiedLinkError.d" />
		<Unit filename="java/lang/UnsupportedClassVersionError.d" />
		<Unit filename="java/lang/UnsupportedOperationException.d" />
		<Unit filename="java/lang/VMClassLoader.d" />
		<Unit filename="java/lang/VerifyError.d" />
		<Unit filename="java/lang/VirtualMachineError.d" />
		<Unit filename="java/lang/Void.d" />
		<Unit filename="java/lang/annotation/Annotation.d" />
		<Unit filename="java/lang/annotation/AnnotationFormatError.d" />
		<Unit filename="java/lang/annotation/AnnotationTypeMismatchException.d" />
		<Unit filename="java/lang/annotation/Documented.d" />
		<Unit filename="java/lang/annotation/ElementType.d" />
		<Unit filename="java/lang/annotation/IncompleteAnnotationException.d" />
		<Unit filename="java/lang/annotation/Inherited.d" />
		<Unit filename="java/lang/annotation/Native.d" />
		<Unit filename="java/lang/annotation/Repeatable.d" />
		<Unit filename="java/lang/annotation/Retention.d" />
		<Unit filename="java/lang/annotation/RetentionPolicy.d" />
		<Unit filename="java/lang/annotation/Target.d" />
		<Unit filename="java/lang/annotation/package-info.d" />
		<Unit filename="java/lang/invoke/ArrayElementVarHandle.d" />
		<Unit filename="java/lang/invoke/ByteArrayViewVarHandle.d" />
		<Unit filename="java/lang/invoke/ByteBufferViewVarHandle.d" />
		<Unit filename="java/lang/invoke/CallSite.d" />
		<Unit filename="java/lang/invoke/ConstantCallSite.d" />
		<Unit filename="java/lang/invoke/FieldVarHandle.d" />
		<Unit filename="java/lang/invoke/LambdaConversionException.d" />
		<Unit filename="java/lang/invoke/LambdaMetafactory.d" />
		<Unit filename="java/lang/invoke/MethodHandle.d" />
		<Unit filename="java/lang/invoke/MethodHandleImpl.d" />
		<Unit filename="java/lang/invoke/MethodHandleInfo.d" />
		<Unit filename="java/lang/invoke/MethodHandleStatics.d" />
		<Unit filename="java/lang/invoke/MethodHandles.d" />
		<Unit filename="java/lang/invoke/MethodType.d" />
		<Unit filename="java/lang/invoke/MethodTypeForm.d" />
		<Unit filename="java/lang/invoke/MutableCallSite.d" />
		<Unit filename="java/lang/invoke/SerializedLambda.d" />
		<Unit filename="java/lang/invoke/Stable.d" />
		<Unit filename="java/lang/invoke/Transformers.d" />
		<Unit filename="java/lang/invoke/VarHandle.d" />
		<Unit filename="java/lang/invoke/VolatileCallSite.d" />
		<Unit filename="java/lang/invoke/WrongMethodTypeException.d" />
		<Unit filename="java/lang/package-info.d" />
		<Unit filename="java/lang/ref/FinalizerReference.d" />
		<Unit filename="java/lang/ref/PhantomReference.d" />
		<Unit filename="java/lang/ref/Reference.d" />
		<Unit filename="java/lang/ref/ReferenceQueue.d" />
		<Unit filename="java/lang/ref/SoftReference.d" />
		<Unit filename="java/lang/ref/WeakReference.d" />
		<Unit filename="java/lang/ref/package-info.d" />
		<Unit filename="java/lang/reflect/AccessibleObject.d" />
		<Unit filename="java/lang/reflect/AnnotatedElement.d" />
		<Unit filename="java/lang/reflect/Array.d" />
		<Unit filename="java/lang/reflect/Constructor.d" />
		<Unit filename="java/lang/reflect/Executable.d" />
		<Unit filename="java/lang/reflect/Field.d" />
		<Unit filename="java/lang/reflect/GenericArrayType.d" />
		<Unit filename="java/lang/reflect/GenericDeclaration.d" />
		<Unit filename="java/lang/reflect/GenericSignatureFormatError.d" />
		<Unit filename="java/lang/reflect/InvocationHandler.d" />
		<Unit filename="java/lang/reflect/InvocationTargetException.d" />
		<Unit filename="java/lang/reflect/MalformedParameterizedTypeException.d" />
		<Unit filename="java/lang/reflect/MalformedParametersException.d" />
		<Unit filename="java/lang/reflect/Member.d" />
		<Unit filename="java/lang/reflect/Method.d" />
		<Unit filename="java/lang/reflect/Modifier.d" />
		<Unit filename="java/lang/reflect/Parameter.d" />
		<Unit filename="java/lang/reflect/ParameterizedType.d" />
		<Unit filename="java/lang/reflect/Proxy.d" />
		<Unit filename="java/lang/reflect/ReflectPermission.d" />
		<Unit filename="java/lang/reflect/Type.d" />
		<Unit filename="java/lang/reflect/TypeVariable.d" />
		<Unit filename="java/lang/reflect/UndeclaredThrowableException.d" />
		<Unit filename="java/lang/reflect/WeakCache.d" />
		<Unit filename="java/lang/reflect/WildcardType.d" />
		<Unit filename="java/lang/reflect/package-info.d" />
		<Unit filename="java/math/BigDecimal.d" />
		<Unit filename="java/math/BigInt.d" />
		<Unit filename="java/math/BigInteger.d" />
		<Unit filename="java/math/BitLevel.d" />
		<Unit filename="java/math/Conversion.d" />
		<Unit filename="java/math/Division.d" />
		<Unit filename="java/math/Logical.d" />
		<Unit filename="java/math/MathContext.d" />
		<Unit filename="java/math/Multiplication.d" />
		<Unit filename="java/math/NativeBN.d" />
		<Unit filename="java/math/Primality.d" />
		<Unit filename="java/math/RoundingMode.d" />
		<Unit filename="java/net/AbstractPlainDatagramSocketImpl.d" />
		<Unit filename="java/net/AbstractPlainSocketImpl.d" />
		<Unit filename="java/net/AddressCache.d" />
		<Unit filename="java/net/Authenticator.d" />
		<Unit filename="java/net/BindException.d" />
		<Unit filename="java/net/CacheRequest.d" />
		<Unit filename="java/net/CacheResponse.d" />
		<Unit filename="java/net/ConnectException.d" />
		<Unit filename="java/net/ContentHandler.d" />
		<Unit filename="java/net/ContentHandlerFactory.d" />
		<Unit filename="java/net/CookieHandler.d" />
		<Unit filename="java/net/CookieManager.d" />
		<Unit filename="java/net/CookiePolicy.d" />
		<Unit filename="java/net/CookieStore.d" />
		<Unit filename="java/net/DatagramPacket.d" />
		<Unit filename="java/net/DatagramSocket.d" />
		<Unit filename="java/net/DatagramSocketImpl.d" />
		<Unit filename="java/net/DatagramSocketImplFactory.d" />
		<Unit filename="java/net/DefaultDatagramSocketImplFactory.d" />
		<Unit filename="java/net/DefaultFileNameMap.d" />
		<Unit filename="java/net/DefaultInterface.d" />
		<Unit filename="java/net/FileNameMap.d" />
		<Unit filename="java/net/HttpCookie.d" />
		<Unit filename="java/net/HttpRetryException.d" />
		<Unit filename="java/net/HttpURLConnection.d" />
		<Unit filename="java/net/IDN.d" />
		<Unit filename="java/net/InMemoryCookieStore.d" />
		<Unit filename="java/net/Inet4Address.d" />
		<Unit filename="java/net/Inet6Address.d" />
		<Unit filename="java/net/Inet6AddressImpl.d" />
		<Unit filename="java/net/InetAddress.d" />
		<Unit filename="java/net/InetAddressContainer.d" />
		<Unit filename="java/net/InetAddressImpl.d" />
		<Unit filename="java/net/InetSocketAddress.d" />
		<Unit filename="java/net/InterfaceAddress.d" />
		<Unit filename="java/net/JarURLConnection.d" />
		<Unit filename="java/net/MalformedURLException.d" />
		<Unit filename="java/net/MulticastSocket.d" />
		<Unit filename="java/net/NetPermission.d" />
		<Unit filename="java/net/NetworkInterface.d" />
		<Unit filename="java/net/NoRouteToHostException.d" />
		<Unit filename="java/net/PasswordAuthentication.d" />
		<Unit filename="java/net/PlainDatagramSocketImpl.d" />
		<Unit filename="java/net/PlainSocketImpl.d" />
		<Unit filename="java/net/PortUnreachableException.d" />
		<Unit filename="java/net/ProtocolException.d" />
		<Unit filename="java/net/ProtocolFamily.d" />
		<Unit filename="java/net/Proxy.d" />
		<Unit filename="java/net/ProxySelector.d" />
		<Unit filename="java/net/ResponseCache.d" />
		<Unit filename="java/net/SecureCacheResponse.d" />
		<Unit filename="java/net/ServerSocket.d" />
		<Unit filename="java/net/Socket.d" />
		<Unit filename="java/net/SocketAddress.d" />
		<Unit filename="java/net/SocketException.d" />
		<Unit filename="java/net/SocketImpl.d" />
		<Unit filename="java/net/SocketImplFactory.d" />
		<Unit filename="java/net/SocketInputStream.d" />
		<Unit filename="java/net/SocketOption.d" />
		<Unit filename="java/net/SocketOptions.d" />
		<Unit filename="java/net/SocketOutputStream.d" />
		<Unit filename="java/net/SocketPermission.d" />
		<Unit filename="java/net/SocketSecrets.d" />
		<Unit filename="java/net/SocketTimeoutException.d" />
		<Unit filename="java/net/SocksConsts.d" />
		<Unit filename="java/net/SocksSocketImpl.d" />
		<Unit filename="java/net/StandardProtocolFamily.d" />
		<Unit filename="java/net/StandardSocketOptions.d" />
		<Unit filename="java/net/URI.d" />
		<Unit filename="java/net/URISyntaxException.d" />
		<Unit filename="java/net/URL.d" />
		<Unit filename="java/net/URLClassLoader.d" />
		<Unit filename="java/net/URLConnection.d" />
		<Unit filename="java/net/URLDecoder.d" />
		<Unit filename="java/net/URLEncoder.d" />
		<Unit filename="java/net/URLStreamHandler.d" />
		<Unit filename="java/net/URLStreamHandlerFactory.d" />
		<Unit filename="java/net/UnknownHostException.d" />
		<Unit filename="java/net/UnknownServiceException.d" />
		<Unit filename="java/net/package-info.d" />
		<Unit filename="java/nio/Bits.d" />
		<Unit filename="java/nio/Buffer.d" />
		<Unit filename="java/nio/BufferOverflowException.d" />
		<Unit filename="java/nio/BufferUnderflowException.d" />
		<Unit filename="java/nio/ByteBuffer.d" />
		<Unit filename="java/nio/ByteBufferAsCharBuffer.d" />
		<Unit filename="java/nio/ByteBufferAsDoubleBuffer.d" />
		<Unit filename="java/nio/ByteBufferAsFloatBuffer.d" />
		<Unit filename="java/nio/ByteBufferAsIntBuffer.d" />
		<Unit filename="java/nio/ByteBufferAsLongBuffer.d" />
		<Unit filename="java/nio/ByteBufferAsShortBuffer.d" />
		<Unit filename="java/nio/ByteOrder.d" />
		<Unit filename="java/nio/CharBuffer.d" />
		<Unit filename="java/nio/CharBufferSpliterator.d" />
		<Unit filename="java/nio/DirectByteBuffer.d" />
		<Unit filename="java/nio/DoubleBuffer.d" />
		<Unit filename="java/nio/FloatBuffer.d" />
		<Unit filename="java/nio/HeapByteBuffer.d" />
		<Unit filename="java/nio/HeapCharBuffer.d" />
		<Unit filename="java/nio/HeapDoubleBuffer.d" />
		<Unit filename="java/nio/HeapFloatBuffer.d" />
		<Unit filename="java/nio/HeapIntBuffer.d" />
		<Unit filename="java/nio/HeapLongBuffer.d" />
		<Unit filename="java/nio/HeapShortBuffer.d" />
		<Unit filename="java/nio/IntBuffer.d" />
		<Unit filename="java/nio/InvalidMarkException.d" />
		<Unit filename="java/nio/LongBuffer.d" />
		<Unit filename="java/nio/MappedByteBuffer.d" />
		<Unit filename="java/nio/NIOAccess.d" />
		<Unit filename="java/nio/NioUtils.d" />
		<Unit filename="java/nio/ReadOnlyBufferException.d" />
		<Unit filename="java/nio/ShortBuffer.d" />
		<Unit filename="java/nio/StringCharBuffer.d" />
		<Unit filename="java/nio/channels/AcceptPendingException.d" />
		<Unit filename="java/nio/channels/AlreadyBoundException.d" />
		<Unit filename="java/nio/channels/AlreadyConnectedException.d" />
		<Unit filename="java/nio/channels/AsynchronousByteChannel.d" />
		<Unit filename="java/nio/channels/AsynchronousChannel.d" />
		<Unit filename="java/nio/channels/AsynchronousChannelGroup.d" />
		<Unit filename="java/nio/channels/AsynchronousCloseException.d" />
		<Unit filename="java/nio/channels/AsynchronousFileChannel.d" />
		<Unit filename="java/nio/channels/AsynchronousServerSocketChannel.d" />
		<Unit filename="java/nio/channels/AsynchronousSocketChannel.d" />
		<Unit filename="java/nio/channels/ByteChannel.d" />
		<Unit filename="java/nio/channels/CancelledKeyException.d" />
		<Unit filename="java/nio/channels/Channel.d" />
		<Unit filename="java/nio/channels/Channels.d" />
		<Unit filename="java/nio/channels/ClosedByInterruptException.d" />
		<Unit filename="java/nio/channels/ClosedChannelException.d" />
		<Unit filename="java/nio/channels/ClosedSelectorException.d" />
		<Unit filename="java/nio/channels/CompletionHandler.d" />
		<Unit filename="java/nio/channels/ConnectionPendingException.d" />
		<Unit filename="java/nio/channels/DatagramChannel.d" />
		<Unit filename="java/nio/channels/FileChannel.d" />
		<Unit filename="java/nio/channels/FileLock.d" />
		<Unit filename="java/nio/channels/FileLockInterruptionException.d" />
		<Unit filename="java/nio/channels/GatheringByteChannel.d" />
		<Unit filename="java/nio/channels/IllegalBlockingModeException.d" />
		<Unit filename="java/nio/channels/IllegalChannelGroupException.d" />
		<Unit filename="java/nio/channels/IllegalSelectorException.d" />
		<Unit filename="java/nio/channels/InterruptedByTimeoutException.d" />
		<Unit filename="java/nio/channels/InterruptibleChannel.d" />
		<Unit filename="java/nio/channels/MembershipKey.d" />
		<Unit filename="java/nio/channels/MulticastChannel.d" />
		<Unit filename="java/nio/channels/NetworkChannel.d" />
		<Unit filename="java/nio/channels/NoConnectionPendingException.d" />
		<Unit filename="java/nio/channels/NonReadableChannelException.d" />
		<Unit filename="java/nio/channels/NonWritableChannelException.d" />
		<Unit filename="java/nio/channels/NotYetBoundException.d" />
		<Unit filename="java/nio/channels/NotYetConnectedException.d" />
		<Unit filename="java/nio/channels/OverlappingFileLockException.d" />
		<Unit filename="java/nio/channels/Pipe.d" />
		<Unit filename="java/nio/channels/ReadPendingException.d" />
		<Unit filename="java/nio/channels/ReadableByteChannel.d" />
		<Unit filename="java/nio/channels/ScatteringByteChannel.d" />
		<Unit filename="java/nio/channels/SeekableByteChannel.d" />
		<Unit filename="java/nio/channels/SelectableChannel.d" />
		<Unit filename="java/nio/channels/SelectionKey.d" />
		<Unit filename="java/nio/channels/Selector.d" />
		<Unit filename="java/nio/channels/ServerSocketChannel.d" />
		<Unit filename="java/nio/channels/ShutdownChannelGroupException.d" />
		<Unit filename="java/nio/channels/SocketChannel.d" />
		<Unit filename="java/nio/channels/UnresolvedAddressException.d" />
		<Unit filename="java/nio/channels/UnsupportedAddressTypeException.d" />
		<Unit filename="java/nio/channels/WritableByteChannel.d" />
		<Unit filename="java/nio/channels/WritePendingException.d" />
		<Unit filename="java/nio/channels/package-info.d" />
		<Unit filename="java/nio/channels/spi/AbstractInterruptibleChannel.d" />
		<Unit filename="java/nio/channels/spi/AbstractSelectableChannel.d" />
		<Unit filename="java/nio/channels/spi/AbstractSelectionKey.d" />
		<Unit filename="java/nio/channels/spi/AbstractSelector.d" />
		<Unit filename="java/nio/channels/spi/AsynchronousChannelProvider.d" />
		<Unit filename="java/nio/channels/spi/SelectorProvider.d" />
		<Unit filename="java/nio/charset/CharacterCodingException.d" />
		<Unit filename="java/nio/charset/Charset.d" />
		<Unit filename="java/nio/charset/CharsetDecoder.d" />
		<Unit filename="java/nio/charset/CharsetDecoderICU.d" />
		<Unit filename="java/nio/charset/CharsetEncoder.d" />
		<Unit filename="java/nio/charset/CharsetEncoderICU.d" />
		<Unit filename="java/nio/charset/CharsetICU.d" />
		<Unit filename="java/nio/charset/CoderMalfunctionError.d" />
		<Unit filename="java/nio/charset/CoderResult.d" />
		<Unit filename="java/nio/charset/CodingErrorAction.d" />
		<Unit filename="java/nio/charset/IllegalCharsetNameException.d" />
		<Unit filename="java/nio/charset/MalformedInputException.d" />
		<Unit filename="java/nio/charset/ModifiedUtf8.d" />
		<Unit filename="java/nio/charset/StandardCharsets.d" />
		<Unit filename="java/nio/charset/UnmappableCharacterException.d" />
		<Unit filename="java/nio/charset/UnsupportedCharsetException.d" />
		<Unit filename="java/nio/charset/package-info.d" />
		<Unit filename="java/nio/charset/spi/CharsetProvider.d" />
		<Unit filename="java/nio/file/AccessDeniedException.d" />
		<Unit filename="java/nio/file/AccessMode.d" />
		<Unit filename="java/nio/file/AtomicMoveNotSupportedException.d" />
		<Unit filename="java/nio/file/ClosedDirectoryStreamException.d" />
		<Unit filename="java/nio/file/ClosedFileSystemException.d" />
		<Unit filename="java/nio/file/ClosedWatchServiceException.d" />
		<Unit filename="java/nio/file/CopyMoveHelper.d" />
		<Unit filename="java/nio/file/CopyOption.d" />
		<Unit filename="java/nio/file/DirectoryIteratorException.d" />
		<Unit filename="java/nio/file/DirectoryNotEmptyException.d" />
		<Unit filename="java/nio/file/DirectoryStream.d" />
		<Unit filename="java/nio/file/FileAlreadyExistsException.d" />
		<Unit filename="java/nio/file/FileStore.d" />
		<Unit filename="java/nio/file/FileSystem.d" />
		<Unit filename="java/nio/file/FileSystemAlreadyExistsException.d" />
		<Unit filename="java/nio/file/FileSystemException.d" />
		<Unit filename="java/nio/file/FileSystemLoopException.d" />
		<Unit filename="java/nio/file/FileSystemNotFoundException.d" />
		<Unit filename="java/nio/file/FileSystems.d" />
		<Unit filename="java/nio/file/FileTreeIterator.d" />
		<Unit filename="java/nio/file/FileTreeWalker.d" />
		<Unit filename="java/nio/file/FileVisitOption.d" />
		<Unit filename="java/nio/file/FileVisitResult.d" />
		<Unit filename="java/nio/file/FileVisitor.d" />
		<Unit filename="java/nio/file/Files.d" />
		<Unit filename="java/nio/file/InvalidPathException.d" />
		<Unit filename="java/nio/file/LinkOption.d" />
		<Unit filename="java/nio/file/LinkPermission.d" />
		<Unit filename="java/nio/file/NoSuchFileException.d" />
		<Unit filename="java/nio/file/NotDirectoryException.d" />
		<Unit filename="java/nio/file/NotLinkException.d" />
		<Unit filename="java/nio/file/OpenOption.d" />
		<Unit filename="java/nio/file/Path.d" />
		<Unit filename="java/nio/file/PathMatcher.d" />
		<Unit filename="java/nio/file/Paths.d" />
		<Unit filename="java/nio/file/ProviderMismatchException.d" />
		<Unit filename="java/nio/file/ProviderNotFoundException.d" />
		<Unit filename="java/nio/file/ReadOnlyFileSystemException.d" />
		<Unit filename="java/nio/file/SecureDirectoryStream.d" />
		<Unit filename="java/nio/file/SimpleFileVisitor.d" />
		<Unit filename="java/nio/file/StandardCopyOption.d" />
		<Unit filename="java/nio/file/StandardOpenOption.d" />
		<Unit filename="java/nio/file/StandardWatchEventKinds.d" />
		<Unit filename="java/nio/file/TempFileHelper.d" />
		<Unit filename="java/nio/file/WatchEvent.d" />
		<Unit filename="java/nio/file/WatchKey.d" />
		<Unit filename="java/nio/file/WatchService.d" />
		<Unit filename="java/nio/file/Watchable.d" />
		<Unit filename="java/nio/file/attribute/AclEntry.d" />
		<Unit filename="java/nio/file/attribute/AclEntryFlag.d" />
		<Unit filename="java/nio/file/attribute/AclEntryPermission.d" />
		<Unit filename="java/nio/file/attribute/AclEntryType.d" />
		<Unit filename="java/nio/file/attribute/AclFileAttributeView.d" />
		<Unit filename="java/nio/file/attribute/AttributeView.d" />
		<Unit filename="java/nio/file/attribute/BasicFileAttributeView.d" />
		<Unit filename="java/nio/file/attribute/BasicFileAttributes.d" />
		<Unit filename="java/nio/file/attribute/DosFileAttributeView.d" />
		<Unit filename="java/nio/file/attribute/DosFileAttributes.d" />
		<Unit filename="java/nio/file/attribute/FileAttribute.d" />
		<Unit filename="java/nio/file/attribute/FileAttributeView.d" />
		<Unit filename="java/nio/file/attribute/FileOwnerAttributeView.d" />
		<Unit filename="java/nio/file/attribute/FileStoreAttributeView.d" />
		<Unit filename="java/nio/file/attribute/FileTime.d" />
		<Unit filename="java/nio/file/attribute/GroupPrincipal.d" />
		<Unit filename="java/nio/file/attribute/PosixFileAttributeView.d" />
		<Unit filename="java/nio/file/attribute/PosixFileAttributes.d" />
		<Unit filename="java/nio/file/attribute/PosixFilePermission.d" />
		<Unit filename="java/nio/file/attribute/PosixFilePermissions.d" />
		<Unit filename="java/nio/file/attribute/UserDefinedFileAttributeView.d" />
		<Unit filename="java/nio/file/attribute/UserPrincipal.d" />
		<Unit filename="java/nio/file/attribute/UserPrincipalLookupService.d" />
		<Unit filename="java/nio/file/attribute/UserPrincipalNotFoundException.d" />
		<Unit filename="java/nio/file/spi/FileSystemProvider.d" />
		<Unit filename="java/nio/file/spi/FileTypeDetector.d" />
		<Unit filename="java/nio/package-info.d" />
		<Unit filename="java/security/AccessControlContext.d" />
		<Unit filename="java/security/AccessControlException.d" />
		<Unit filename="java/security/AccessController.d" />
		<Unit filename="java/security/AlgorithmConstraints.d" />
		<Unit filename="java/security/AlgorithmParameterGenerator.d" />
		<Unit filename="java/security/AlgorithmParameterGeneratorSpi.d" />
		<Unit filename="java/security/AlgorithmParameters.d" />
		<Unit filename="java/security/AlgorithmParametersSpi.d" />
		<Unit filename="java/security/AllPermission.d" />
		<Unit filename="java/security/AuthProvider.d" />
		<Unit filename="java/security/BasicPermission.d" />
		<Unit filename="java/security/Certificate.d" />
		<Unit filename="java/security/CodeSigner.d" />
		<Unit filename="java/security/CodeSource.d" />
		<Unit filename="java/security/CryptoPrimitive.d" />
		<Unit filename="java/security/DigestException.d" />
		<Unit filename="java/security/DigestInputStream.d" />
		<Unit filename="java/security/DigestOutputStream.d" />
		<Unit filename="java/security/DomainCombiner.d" />
		<Unit filename="java/security/DomainLoadStoreParameter.d" />
		<Unit filename="java/security/GeneralSecurityException.d" />
		<Unit filename="java/security/Guard.d" />
		<Unit filename="java/security/GuardedObject.d" />
		<Unit filename="java/security/Identity.d" />
		<Unit filename="java/security/IdentityScope.d" />
		<Unit filename="java/security/InvalidAlgorithmParameterException.d" />
		<Unit filename="java/security/InvalidKeyException.d" />
		<Unit filename="java/security/InvalidParameterException.d" />
		<Unit filename="java/security/Key.d" />
		<Unit filename="java/security/KeyException.d" />
		<Unit filename="java/security/KeyFactory.d" />
		<Unit filename="java/security/KeyFactorySpi.d" />
		<Unit filename="java/security/KeyManagementException.d" />
		<Unit filename="java/security/KeyPair.d" />
		<Unit filename="java/security/KeyPairGenerator.d" />
		<Unit filename="java/security/KeyPairGeneratorSpi.d" />
		<Unit filename="java/security/KeyRep.d" />
		<Unit filename="java/security/KeyStore.d" />
		<Unit filename="java/security/KeyStoreException.d" />
		<Unit filename="java/security/KeyStoreSpi.d" />
		<Unit filename="java/security/MessageDigest.d" />
		<Unit filename="java/security/MessageDigestSpi.d" />
		<Unit filename="java/security/NoSuchAlgorithmException.d" />
		<Unit filename="java/security/NoSuchProviderException.d" />
		<Unit filename="java/security/PKCS12Attribute.d" />
		<Unit filename="java/security/Permission.d" />
		<Unit filename="java/security/PermissionCollection.d" />
		<Unit filename="java/security/Permissions.d" />
		<Unit filename="java/security/Policy.d" />
		<Unit filename="java/security/PolicySpi.d" />
		<Unit filename="java/security/Principal.d" />
		<Unit filename="java/security/PrivateKey.d" />
		<Unit filename="java/security/PrivilegedAction.d" />
		<Unit filename="java/security/PrivilegedActionException.d" />
		<Unit filename="java/security/PrivilegedExceptionAction.d" />
		<Unit filename="java/security/ProtectionDomain.d" />
		<Unit filename="java/security/Provider.d" />
		<Unit filename="java/security/ProviderException.d" />
		<Unit filename="java/security/PublicKey.d" />
		<Unit filename="java/security/SecureClassLoader.d" />
		<Unit filename="java/security/SecureRandom.d" />
		<Unit filename="java/security/SecureRandomSpi.d" />
		<Unit filename="java/security/Security.d" />
		<Unit filename="java/security/SecurityPermission.d" />
		<Unit filename="java/security/Signature.d" />
		<Unit filename="java/security/SignatureException.d" />
		<Unit filename="java/security/SignatureSpi.d" />
		<Unit filename="java/security/SignedObject.d" />
		<Unit filename="java/security/Signer.d" />
		<Unit filename="java/security/Timestamp.d" />
		<Unit filename="java/security/UnrecoverableEntryException.d" />
		<Unit filename="java/security/UnrecoverableKeyException.d" />
		<Unit filename="java/security/UnresolvedPermission.d" />
		<Unit filename="java/security/UnresolvedPermissionCollection.d" />
		<Unit filename="java/security/acl/Acl.d" />
		<Unit filename="java/security/acl/AclEntry.d" />
		<Unit filename="java/security/acl/AclNotFoundException.d" />
		<Unit filename="java/security/acl/Group.d" />
		<Unit filename="java/security/acl/LastOwnerException.d" />
		<Unit filename="java/security/acl/NotOwnerException.d" />
		<Unit filename="java/security/acl/Owner.d" />
		<Unit filename="java/security/acl/Permission.d" />
		<Unit filename="java/security/acl/package-info.d" />
		<Unit filename="java/security/cert/CRL.d" />
		<Unit filename="java/security/cert/CRLException.d" />
		<Unit filename="java/security/cert/CRLReason.d" />
		<Unit filename="java/security/cert/CRLSelector.d" />
		<Unit filename="java/security/cert/CertPath.d" />
		<Unit filename="java/security/cert/CertPathBuilder.d" />
		<Unit filename="java/security/cert/CertPathBuilderException.d" />
		<Unit filename="java/security/cert/CertPathBuilderResult.d" />
		<Unit filename="java/security/cert/CertPathBuilderSpi.d" />
		<Unit filename="java/security/cert/CertPathChecker.d" />
		<Unit filename="java/security/cert/CertPathHelperImpl.d" />
		<Unit filename="java/security/cert/CertPathParameters.d" />
		<Unit filename="java/security/cert/CertPathValidator.d" />
		<Unit filename="java/security/cert/CertPathValidatorException.d" />
		<Unit filename="java/security/cert/CertPathValidatorResult.d" />
		<Unit filename="java/security/cert/CertPathValidatorSpi.d" />
		<Unit filename="java/security/cert/CertSelector.d" />
		<Unit filename="java/security/cert/CertStore.d" />
		<Unit filename="java/security/cert/CertStoreException.d" />
		<Unit filename="java/security/cert/CertStoreParameters.d" />
		<Unit filename="java/security/cert/CertStoreSpi.d" />
		<Unit filename="java/security/cert/Certificate.d" />
		<Unit filename="java/security/cert/CertificateEncodingException.d" />
		<Unit filename="java/security/cert/CertificateException.d" />
		<Unit filename="java/security/cert/CertificateExpiredException.d" />
		<Unit filename="java/security/cert/CertificateFactory.d" />
		<Unit filename="java/security/cert/CertificateFactorySpi.d" />
		<Unit filename="java/security/cert/CertificateNotYetValidException.d" />
		<Unit filename="java/security/cert/CertificateParsingException.d" />
		<Unit filename="java/security/cert/CertificateRevokedException.d" />
		<Unit filename="java/security/cert/CollectionCertStoreParameters.d" />
		<Unit filename="java/security/cert/Extension.d" />
		<Unit filename="java/security/cert/LDAPCertStoreParameters.d" />
		<Unit filename="java/security/cert/PKIXBuilderParameters.d" />
		<Unit filename="java/security/cert/PKIXCertPathBuilderResult.d" />
		<Unit filename="java/security/cert/PKIXCertPathChecker.d" />
		<Unit filename="java/security/cert/PKIXCertPathValidatorResult.d" />
		<Unit filename="java/security/cert/PKIXParameters.d" />
		<Unit filename="java/security/cert/PKIXReason.d" />
		<Unit filename="java/security/cert/PKIXRevocationChecker.d" />
		<Unit filename="java/security/cert/PolicyNode.d" />
		<Unit filename="java/security/cert/PolicyQualifierInfo.d" />
		<Unit filename="java/security/cert/TrustAnchor.d" />
		<Unit filename="java/security/cert/X509CRL.d" />
		<Unit filename="java/security/cert/X509CRLEntry.d" />
		<Unit filename="java/security/cert/X509CRLSelector.d" />
		<Unit filename="java/security/cert/X509CertSelector.d" />
		<Unit filename="java/security/cert/X509Certificate.d" />
		<Unit filename="java/security/cert/X509Extension.d" />
		<Unit filename="java/security/cert/package-info.d" />
		<Unit filename="java/security/interfaces/DSAKey.d" />
		<Unit filename="java/security/interfaces/DSAKeyPairGenerator.d" />
		<Unit filename="java/security/interfaces/DSAParams.d" />
		<Unit filename="java/security/interfaces/DSAPrivateKey.d" />
		<Unit filename="java/security/interfaces/DSAPublicKey.d" />
		<Unit filename="java/security/interfaces/ECKey.d" />
		<Unit filename="java/security/interfaces/ECPrivateKey.d" />
		<Unit filename="java/security/interfaces/ECPublicKey.d" />
		<Unit filename="java/security/interfaces/RSAKey.d" />
		<Unit filename="java/security/interfaces/RSAMultiPrimePrivateCrtKey.d" />
		<Unit filename="java/security/interfaces/RSAPrivateCrtKey.d" />
		<Unit filename="java/security/interfaces/RSAPrivateKey.d" />
		<Unit filename="java/security/interfaces/RSAPublicKey.d" />
		<Unit filename="java/security/interfaces/package-info.d" />
		<Unit filename="java/security/package-info.d" />
		<Unit filename="java/security/spec/AlgorithmParameterSpec.d" />
		<Unit filename="java/security/spec/DSAParameterSpec.d" />
		<Unit filename="java/security/spec/DSAPrivateKeySpec.d" />
		<Unit filename="java/security/spec/DSAPublicKeySpec.d" />
		<Unit filename="java/security/spec/ECField.d" />
		<Unit filename="java/security/spec/ECFieldF2m.d" />
		<Unit filename="java/security/spec/ECFieldFp.d" />
		<Unit filename="java/security/spec/ECGenParameterSpec.d" />
		<Unit filename="java/security/spec/ECParameterSpec.d" />
		<Unit filename="java/security/spec/ECPoint.d" />
		<Unit filename="java/security/spec/ECPrivateKeySpec.d" />
		<Unit filename="java/security/spec/ECPublicKeySpec.d" />
		<Unit filename="java/security/spec/EllipticCurve.d" />
		<Unit filename="java/security/spec/EncodedKeySpec.d" />
		<Unit filename="java/security/spec/InvalidKeySpecException.d" />
		<Unit filename="java/security/spec/InvalidParameterSpecException.d" />
		<Unit filename="java/security/spec/KeySpec.d" />
		<Unit filename="java/security/spec/MGF1ParameterSpec.d" />
		<Unit filename="java/security/spec/PKCS8EncodedKeySpec.d" />
		<Unit filename="java/security/spec/PSSParameterSpec.d" />
		<Unit filename="java/security/spec/RSAKeyGenParameterSpec.d" />
		<Unit filename="java/security/spec/RSAMultiPrimePrivateCrtKeySpec.d" />
		<Unit filename="java/security/spec/RSAOtherPrimeInfo.d" />
		<Unit filename="java/security/spec/RSAPrivateCrtKeySpec.d" />
		<Unit filename="java/security/spec/RSAPrivateKeySpec.d" />
		<Unit filename="java/security/spec/RSAPublicKeySpec.d" />
		<Unit filename="java/security/spec/X509EncodedKeySpec.d" />
		<Unit filename="java/security/spec/package-info.d" />
		<Unit filename="java/sql/Array.d" />
		<Unit filename="java/sql/BatchUpdateException.d" />
		<Unit filename="java/sql/Blob.d" />
		<Unit filename="java/sql/CallableStatement.d" />
		<Unit filename="java/sql/ClientInfoStatus.d" />
		<Unit filename="java/sql/Clob.d" />
		<Unit filename="java/sql/Connection.d" />
		<Unit filename="java/sql/DataTruncation.d" />
		<Unit filename="java/sql/DatabaseMetaData.d" />
		<Unit filename="java/sql/Date.d" />
		<Unit filename="java/sql/Driver.d" />
		<Unit filename="java/sql/DriverManager.d" />
		<Unit filename="java/sql/DriverPropertyInfo.d" />
		<Unit filename="java/sql/NClob.d" />
		<Unit filename="java/sql/ParameterMetaData.d" />
		<Unit filename="java/sql/PreparedStatement.d" />
		<Unit filename="java/sql/Ref.d" />
		<Unit filename="java/sql/ResultSet.d" />
		<Unit filename="java/sql/ResultSetMetaData.d" />
		<Unit filename="java/sql/RowId.d" />
		<Unit filename="java/sql/RowIdLifetime.d" />
		<Unit filename="java/sql/SQLClientInfoException.d" />
		<Unit filename="java/sql/SQLData.d" />
		<Unit filename="java/sql/SQLDataException.d" />
		<Unit filename="java/sql/SQLException.d" />
		<Unit filename="java/sql/SQLFeatureNotSupportedException.d" />
		<Unit filename="java/sql/SQLInput.d" />
		<Unit filename="java/sql/SQLIntegrityConstraintViolationException.d" />
		<Unit filename="java/sql/SQLInvalidAuthorizationSpecException.d" />
		<Unit filename="java/sql/SQLNonTransientConnectionException.d" />
		<Unit filename="java/sql/SQLNonTransientException.d" />
		<Unit filename="java/sql/SQLOutput.d" />
		<Unit filename="java/sql/SQLPermission.d" />
		<Unit filename="java/sql/SQLRecoverableException.d" />
		<Unit filename="java/sql/SQLSyntaxErrorException.d" />
		<Unit filename="java/sql/SQLTimeoutException.d" />
		<Unit filename="java/sql/SQLTransactionRollbackException.d" />
		<Unit filename="java/sql/SQLTransientConnectionException.d" />
		<Unit filename="java/sql/SQLTransientException.d" />
		<Unit filename="java/sql/SQLWarning.d" />
		<Unit filename="java/sql/SQLXML.d" />
		<Unit filename="java/sql/Savepoint.d" />
		<Unit filename="java/sql/Statement.d" />
		<Unit filename="java/sql/Struct.d" />
		<Unit filename="java/sql/Time.d" />
		<Unit filename="java/sql/Timestamp.d" />
		<Unit filename="java/sql/Types.d" />
		<Unit filename="java/sql/Wrapper.d" />
		<Unit filename="java/text/Annotation.d" />
		<Unit filename="java/text/AttributedCharacterIterator.d" />
		<Unit filename="java/text/AttributedString.d" />
		<Unit filename="java/text/Bidi.d" />
		<Unit filename="java/text/BreakIterator.d" />
		<Unit filename="java/text/CalendarBuilder.d" />
		<Unit filename="java/text/CharacterIterator.d" />
		<Unit filename="java/text/CharacterIteratorFieldDelegate.d" />
		<Unit filename="java/text/ChoiceFormat.d" />
		<Unit filename="java/text/CollationElementIterator.d" />
		<Unit filename="java/text/CollationKey.d" />
		<Unit filename="java/text/Collator.d" />
		<Unit filename="java/text/DateFormat.d" />
		<Unit filename="java/text/DateFormatSymbols.d" />
		<Unit filename="java/text/DecimalFormat.d" />
		<Unit filename="java/text/DecimalFormatSymbols.d" />
		<Unit filename="java/text/DontCareFieldPosition.d" />
		<Unit filename="java/text/EntryPair.d" />
		<Unit filename="java/text/FieldPosition.d" />
		<Unit filename="java/text/Format.d" />
		<Unit filename="java/text/IcuIteratorWrapper.d" />
		<Unit filename="java/text/MergeCollation.d" />
		<Unit filename="java/text/MessageFormat.d" />
		<Unit filename="java/text/Normalizer.d" />
		<Unit filename="java/text/NumberFormat.d" />
		<Unit filename="java/text/ParseException.d" />
		<Unit filename="java/text/ParsePosition.d" />
		<Unit filename="java/text/PatternEntry.d" />
		<Unit filename="java/text/RuleBasedCollator.d" />
		<Unit filename="java/text/SimpleDateFormat.d" />
		<Unit filename="java/text/StringCharacterIterator.d" />
		<Unit filename="java/time/Clock.d" />
		<Unit filename="java/time/DateTimeException.d" />
		<Unit filename="java/time/DayOfWeek.d" />
		<Unit filename="java/time/Duration.d" />
		<Unit filename="java/time/Instant.d" />
		<Unit filename="java/time/LocalDate.d" />
		<Unit filename="java/time/LocalDateTime.d" />
		<Unit filename="java/time/LocalTime.d" />
		<Unit filename="java/time/Month.d" />
		<Unit filename="java/time/MonthDay.d" />
		<Unit filename="java/time/OffsetDateTime.d" />
		<Unit filename="java/time/OffsetTime.d" />
		<Unit filename="java/time/Period.d" />
		<Unit filename="java/time/Ser.d" />
		<Unit filename="java/time/Year.d" />
		<Unit filename="java/time/YearMonth.d" />
		<Unit filename="java/time/ZoneId.d" />
		<Unit filename="java/time/ZoneOffset.d" />
		<Unit filename="java/time/ZoneRegion.d" />
		<Unit filename="java/time/ZonedDateTime.d" />
		<Unit filename="java/time/chrono/AbstractChronology.d" />
		<Unit filename="java/time/chrono/ChronoLocalDate.d" />
		<Unit filename="java/time/chrono/ChronoLocalDateImpl.d" />
		<Unit filename="java/time/chrono/ChronoLocalDateTime.d" />
		<Unit filename="java/time/chrono/ChronoLocalDateTimeImpl.d" />
		<Unit filename="java/time/chrono/ChronoPeriod.d" />
		<Unit filename="java/time/chrono/ChronoPeriodImpl.d" />
		<Unit filename="java/time/chrono/ChronoZonedDateTime.d" />
		<Unit filename="java/time/chrono/ChronoZonedDateTimeImpl.d" />
		<Unit filename="java/time/chrono/Chronology.d" />
		<Unit filename="java/time/chrono/Era.d" />
		<Unit filename="java/time/chrono/HijrahChronology.d" />
		<Unit filename="java/time/chrono/HijrahDate.d" />
		<Unit filename="java/time/chrono/HijrahEra.d" />
		<Unit filename="java/time/chrono/IsoChronology.d" />
		<Unit filename="java/time/chrono/IsoEra.d" />
		<Unit filename="java/time/chrono/JapaneseChronology.d" />
		<Unit filename="java/time/chrono/JapaneseDate.d" />
		<Unit filename="java/time/chrono/JapaneseEra.d" />
		<Unit filename="java/time/chrono/MinguoChronology.d" />
		<Unit filename="java/time/chrono/MinguoDate.d" />
		<Unit filename="java/time/chrono/MinguoEra.d" />
		<Unit filename="java/time/chrono/Ser.d" />
		<Unit filename="java/time/chrono/ThaiBuddhistChronology.d" />
		<Unit filename="java/time/chrono/ThaiBuddhistDate.d" />
		<Unit filename="java/time/chrono/ThaiBuddhistEra.d" />
		<Unit filename="java/time/chrono/package-info.d" />
		<Unit filename="java/time/format/DateTimeFormatter.d" />
		<Unit filename="java/time/format/DateTimeFormatterBuilder.d" />
		<Unit filename="java/time/format/DateTimeParseContext.d" />
		<Unit filename="java/time/format/DateTimeParseException.d" />
		<Unit filename="java/time/format/DateTimePrintContext.d" />
		<Unit filename="java/time/format/DateTimeTextProvider.d" />
		<Unit filename="java/time/format/DecimalStyle.d" />
		<Unit filename="java/time/format/FormatStyle.d" />
		<Unit filename="java/time/format/Parsed.d" />
		<Unit filename="java/time/format/ResolverStyle.d" />
		<Unit filename="java/time/format/SignStyle.d" />
		<Unit filename="java/time/format/TextStyle.d" />
		<Unit filename="java/time/format/ZoneName.d" />
		<Unit filename="java/time/format/package-info.d" />
		<Unit filename="java/time/package-info.d" />
		<Unit filename="java/time/temporal/ChronoField.d" />
		<Unit filename="java/time/temporal/ChronoUnit.d" />
		<Unit filename="java/time/temporal/IsoFields.d" />
		<Unit filename="java/time/temporal/JulianFields.d" />
		<Unit filename="java/time/temporal/Temporal.d" />
		<Unit filename="java/time/temporal/TemporalAccessor.d" />
		<Unit filename="java/time/temporal/TemporalAdjuster.d" />
		<Unit filename="java/time/temporal/TemporalAdjusters.d" />
		<Unit filename="java/time/temporal/TemporalAmount.d" />
		<Unit filename="java/time/temporal/TemporalField.d" />
		<Unit filename="java/time/temporal/TemporalQueries.d" />
		<Unit filename="java/time/temporal/TemporalQuery.d" />
		<Unit filename="java/time/temporal/TemporalUnit.d" />
		<Unit filename="java/time/temporal/UnsupportedTemporalTypeException.d" />
		<Unit filename="java/time/temporal/ValueRange.d" />
		<Unit filename="java/time/temporal/WeekFields.d" />
		<Unit filename="java/time/temporal/package-info.d" />
		<Unit filename="java/time/zone/IcuZoneRulesProvider.d" />
		<Unit filename="java/time/zone/Ser.d" />
		<Unit filename="java/time/zone/ZoneOffsetTransition.d" />
		<Unit filename="java/time/zone/ZoneOffsetTransitionRule.d" />
		<Unit filename="java/time/zone/ZoneRules.d" />
		<Unit filename="java/time/zone/ZoneRulesException.d" />
		<Unit filename="java/time/zone/ZoneRulesProvider.d" />
		<Unit filename="java/time/zone/package-info.d" />
		<Unit filename="java/util/AbstractCollection.d" />
		<Unit filename="java/util/AbstractList.d" />
		<Unit filename="java/util/AbstractMap.d" />
		<Unit filename="java/util/AbstractQueue.d" />
		<Unit filename="java/util/AbstractSequentialList.d" />
		<Unit filename="java/util/AbstractSet.d" />
		<Unit filename="java/util/ArrayDeque.d" />
		<Unit filename="java/util/ArrayList.d" />
		<Unit filename="java/util/ArrayPrefixHelpers.d" />
		<Unit filename="java/util/Arrays.d" />
		<Unit filename="java/util/ArraysParallelSortHelpers.d" />
		<Unit filename="java/util/Base64.d" />
		<Unit filename="java/util/BitSet.d" />
		<Unit filename="java/util/Calendar.d" />
		<Unit filename="java/util/Collection.d" />
		<Unit filename="java/util/Collections.d" />
		<Unit filename="java/util/ComparableTimSort.d" />
		<Unit filename="java/util/Comparator.d" />
		<Unit filename="java/util/Comparators.d" />
		<Unit filename="java/util/ConcurrentModificationException.d" />
		<Unit filename="java/util/Currency.d" />
		<Unit filename="java/util/Date.d" />
		<Unit filename="java/util/Deque.d" />
		<Unit filename="java/util/Dictionary.d" />
		<Unit filename="java/util/DoubleSummaryStatistics.d" />
		<Unit filename="java/util/DualPivotQuicksort.d" />
		<Unit filename="java/util/DuplicateFormatFlagsException.d" />
		<Unit filename="java/util/EmptyStackException.d" />
		<Unit filename="java/util/EnumMap.d" />
		<Unit filename="java/util/EnumSet.d" />
		<Unit filename="java/util/Enumeration.d" />
		<Unit filename="java/util/EventListener.d" />
		<Unit filename="java/util/EventListenerProxy.d" />
		<Unit filename="java/util/EventObject.d" />
		<Unit filename="java/util/FormatFlagsConversionMismatchException.d" />
		<Unit filename="java/util/Formattable.d" />
		<Unit filename="java/util/FormattableFlags.d" />
		<Unit filename="java/util/Formatter.d" />
		<Unit filename="java/util/FormatterClosedException.d" />
		<Unit filename="java/util/GregorianCalendar.d" />
		<Unit filename="java/util/HashMap.d" />
		<Unit filename="java/util/HashSet.d" />
		<Unit filename="java/util/Hashtable.d" />
		<Unit filename="java/util/IdentityHashMap.d" />
		<Unit filename="java/util/IllegalFormatCodePointException.d" />
		<Unit filename="java/util/IllegalFormatConversionException.d" />
		<Unit filename="java/util/IllegalFormatException.d" />
		<Unit filename="java/util/IllegalFormatFlagsException.d" />
		<Unit filename="java/util/IllegalFormatPrecisionException.d" />
		<Unit filename="java/util/IllegalFormatWidthException.d" />
		<Unit filename="java/util/IllformedLocaleException.d" />
		<Unit filename="java/util/InputMismatchException.d" />
		<Unit filename="java/util/IntSummaryStatistics.d" />
		<Unit filename="java/util/InvalidPropertiesFormatException.d" />
		<Unit filename="java/util/Iterator.d" />
		<Unit filename="java/util/JapaneseImperialCalendar.d" />
		<Unit filename="java/util/JumboEnumSet.d" />
		<Unit filename="java/util/LinkedHashMap.d" />
		<Unit filename="java/util/LinkedHashSet.d" />
		<Unit filename="java/util/LinkedList.d" />
		<Unit filename="java/util/List.d" />
		<Unit filename="java/util/ListIterator.d" />
		<Unit filename="java/util/ListResourceBundle.d" />
		<Unit filename="java/util/Locale.d" />
		<Unit filename="java/util/LongSummaryStatistics.d" />
		<Unit filename="java/util/Map.d" />
		<Unit filename="java/util/MissingFormatArgumentException.d" />
		<Unit filename="java/util/MissingFormatWidthException.d" />
		<Unit filename="java/util/MissingResourceException.d" />
		<Unit filename="java/util/NavigableMap.d" />
		<Unit filename="java/util/NavigableSet.d" />
		<Unit filename="java/util/NoSuchElementException.d" />
		<Unit filename="java/util/Objects.d" />
		<Unit filename="java/util/Observable.d" />
		<Unit filename="java/util/Observer.d" />
		<Unit filename="java/util/Optional.d" />
		<Unit filename="java/util/OptionalDouble.d" />
		<Unit filename="java/util/OptionalInt.d" />
		<Unit filename="java/util/OptionalLong.d" />
		<Unit filename="java/util/PrimitiveIterator.d" />
		<Unit filename="java/util/PriorityQueue.d" />
		<Unit filename="java/util/Properties.d" />
		<Unit filename="java/util/PropertyPermission.d" />
		<Unit filename="java/util/PropertyResourceBundle.d" />
		<Unit filename="java/util/Queue.d" />
		<Unit filename="java/util/Random.d" />
		<Unit filename="java/util/RandomAccess.d" />
		<Unit filename="java/util/RegularEnumSet.d" />
		<Unit filename="java/util/ResourceBundle.d" />
		<Unit filename="java/util/Scanner.d" />
		<Unit filename="java/util/ServiceConfigurationError.d" />
		<Unit filename="java/util/ServiceLoader.d" />
		<Unit filename="java/util/Set.d" />
		<Unit filename="java/util/SimpleTimeZone.d" />
		<Unit filename="java/util/SortedMap.d" />
		<Unit filename="java/util/SortedSet.d" />
		<Unit filename="java/util/Spliterator.d" />
		<Unit filename="java/util/Spliterators.d" />
		<Unit filename="java/util/SplittableRandom.d" />
		<Unit filename="java/util/Stack.d" />
		<Unit filename="java/util/StringJoiner.d" />
		<Unit filename="java/util/StringTokenizer.d" />
		<Unit filename="java/util/TimSort.d" />
		<Unit filename="java/util/TimeZone.d" />
		<Unit filename="java/util/Timer.d" />
		<Unit filename="java/util/TimerTask.d" />
		<Unit filename="java/util/TooManyListenersException.d" />
		<Unit filename="java/util/TreeMap.d" />
		<Unit filename="java/util/TreeSet.d" />
		<Unit filename="java/util/Tripwire.d" />
		<Unit filename="java/util/UUID.d" />
		<Unit filename="java/util/UnknownFormatConversionException.d" />
		<Unit filename="java/util/UnknownFormatFlagsException.d" />
		<Unit filename="java/util/Vector.d" />
		<Unit filename="java/util/WeakHashMap.d" />
		<Unit filename="java/util/XMLUtils.d" />
		<Unit filename="java/util/concurrent/AbstractExecutorService.d" />
		<Unit filename="java/util/concurrent/ArrayBlockingQueue.d" />
		<Unit filename="java/util/concurrent/BlockingDeque.d" />
		<Unit filename="java/util/concurrent/BlockingQueue.d" />
		<Unit filename="java/util/concurrent/BrokenBarrierException.d" />
		<Unit filename="java/util/concurrent/Callable.d" />
		<Unit filename="java/util/concurrent/CancellationException.d" />
		<Unit filename="java/util/concurrent/CompletableFuture.d" />
		<Unit filename="java/util/concurrent/CompletionException.d" />
		<Unit filename="java/util/concurrent/CompletionService.d" />
		<Unit filename="java/util/concurrent/CompletionStage.d" />
		<Unit filename="java/util/concurrent/ConcurrentHashMap.d" />
		<Unit filename="java/util/concurrent/ConcurrentLinkedDeque.d" />
		<Unit filename="java/util/concurrent/ConcurrentLinkedQueue.d" />
		<Unit filename="java/util/concurrent/ConcurrentMap.d" />
		<Unit filename="java/util/concurrent/ConcurrentNavigableMap.d" />
		<Unit filename="java/util/concurrent/ConcurrentSkipListMap.d" />
		<Unit filename="java/util/concurrent/ConcurrentSkipListSet.d" />
		<Unit filename="java/util/concurrent/CopyOnWriteArrayList.d" />
		<Unit filename="java/util/concurrent/CopyOnWriteArraySet.d" />
		<Unit filename="java/util/concurrent/CountDownLatch.d" />
		<Unit filename="java/util/concurrent/CountedCompleter.d" />
		<Unit filename="java/util/concurrent/CyclicBarrier.d" />
		<Unit filename="java/util/concurrent/DelayQueue.d" />
		<Unit filename="java/util/concurrent/Delayed.d" />
		<Unit filename="java/util/concurrent/Exchanger.d" />
		<Unit filename="java/util/concurrent/ExecutionException.d" />
		<Unit filename="java/util/concurrent/Executor.d" />
		<Unit filename="java/util/concurrent/ExecutorCompletionService.d" />
		<Unit filename="java/util/concurrent/ExecutorService.d" />
		<Unit filename="java/util/concurrent/Executors.d" />
		<Unit filename="java/util/concurrent/ForkJoinPool.d" />
		<Unit filename="java/util/concurrent/ForkJoinTask.d" />
		<Unit filename="java/util/concurrent/ForkJoinWorkerThread.d" />
		<Unit filename="java/util/concurrent/Future.d" />
		<Unit filename="java/util/concurrent/FutureTask.d" />
		<Unit filename="java/util/concurrent/Helpers.d" />
		<Unit filename="java/util/concurrent/LinkedBlockingDeque.d" />
		<Unit filename="java/util/concurrent/LinkedBlockingQueue.d" />
		<Unit filename="java/util/concurrent/LinkedTransferQueue.d" />
		<Unit filename="java/util/concurrent/Phaser.d" />
		<Unit filename="java/util/concurrent/PriorityBlockingQueue.d" />
		<Unit filename="java/util/concurrent/RecursiveAction.d" />
		<Unit filename="java/util/concurrent/RecursiveTask.d" />
		<Unit filename="java/util/concurrent/RejectedExecutionException.d" />
		<Unit filename="java/util/concurrent/RejectedExecutionHandler.d" />
		<Unit filename="java/util/concurrent/RunnableFuture.d" />
		<Unit filename="java/util/concurrent/RunnableScheduledFuture.d" />
		<Unit filename="java/util/concurrent/ScheduledExecutorService.d" />
		<Unit filename="java/util/concurrent/ScheduledFuture.d" />
		<Unit filename="java/util/concurrent/ScheduledThreadPoolExecutor.d" />
		<Unit filename="java/util/concurrent/Semaphore.d" />
		<Unit filename="java/util/concurrent/SynchronousQueue.d" />
		<Unit filename="java/util/concurrent/ThreadFactory.d" />
		<Unit filename="java/util/concurrent/ThreadLocalRandom.d" />
		<Unit filename="java/util/concurrent/ThreadPoolExecutor.d" />
		<Unit filename="java/util/concurrent/TimeUnit.d" />
		<Unit filename="java/util/concurrent/TimeoutException.d" />
		<Unit filename="java/util/concurrent/TransferQueue.d" />
		<Unit filename="java/util/concurrent/atomic/AtomicBoolean.d" />
		<Unit filename="java/util/concurrent/atomic/AtomicInteger.d" />
		<Unit filename="java/util/concurrent/atomic/AtomicIntegerArray.d" />
		<Unit filename="java/util/concurrent/atomic/AtomicIntegerFieldUpdater.d" />
		<Unit filename="java/util/concurrent/atomic/AtomicLong.d" />
		<Unit filename="java/util/concurrent/atomic/AtomicLongArray.d" />
		<Unit filename="java/util/concurrent/atomic/AtomicLongFieldUpdater.d" />
		<Unit filename="java/util/concurrent/atomic/AtomicMarkableReference.d" />
		<Unit filename="java/util/concurrent/atomic/AtomicReference.d" />
		<Unit filename="java/util/concurrent/atomic/AtomicReferenceArray.d" />
		<Unit filename="java/util/concurrent/atomic/AtomicReferenceFieldUpdater.d" />
		<Unit filename="java/util/concurrent/atomic/AtomicStampedReference.d" />
		<Unit filename="java/util/concurrent/atomic/DoubleAccumulator.d" />
		<Unit filename="java/util/concurrent/atomic/DoubleAdder.d" />
		<Unit filename="java/util/concurrent/atomic/LongAccumulator.d" />
		<Unit filename="java/util/concurrent/atomic/LongAdder.d" />
		<Unit filename="java/util/concurrent/atomic/Striped64.d" />
		<Unit filename="java/util/concurrent/atomic/package-info.d" />
		<Unit filename="java/util/concurrent/locks/AbstractOwnableSynchronizer.d" />
		<Unit filename="java/util/concurrent/locks/AbstractQueuedLongSynchronizer.d" />
		<Unit filename="java/util/concurrent/locks/AbstractQueuedSynchronizer.d" />
		<Unit filename="java/util/concurrent/locks/Condition.d" />
		<Unit filename="java/util/concurrent/locks/Lock.d" />
		<Unit filename="java/util/concurrent/locks/LockSupport.d" />
		<Unit filename="java/util/concurrent/locks/ReadWriteLock.d" />
		<Unit filename="java/util/concurrent/locks/ReentrantLock.d" />
		<Unit filename="java/util/concurrent/locks/ReentrantReadWriteLock.d" />
		<Unit filename="java/util/concurrent/locks/StampedLock.d" />
		<Unit filename="java/util/concurrent/locks/package-info.d" />
		<Unit filename="java/util/concurrent/package-info.d" />
		<Unit filename="java/util/function/BiConsumer.d" />
		<Unit filename="java/util/function/BiFunction.d" />
		<Unit filename="java/util/function/BiPredicate.d" />
		<Unit filename="java/util/function/BinaryOperator.d" />
		<Unit filename="java/util/function/BooleanSupplier.d" />
		<Unit filename="java/util/function/Consumer.d" />
		<Unit filename="java/util/function/DoubleBinaryOperator.d" />
		<Unit filename="java/util/function/DoubleConsumer.d" />
		<Unit filename="java/util/function/DoubleFunction.d" />
		<Unit filename="java/util/function/DoublePredicate.d" />
		<Unit filename="java/util/function/DoubleSupplier.d" />
		<Unit filename="java/util/function/DoubleToIntFunction.d" />
		<Unit filename="java/util/function/DoubleToLongFunction.d" />
		<Unit filename="java/util/function/DoubleUnaryOperator.d" />
		<Unit filename="java/util/function/Function.d" />
		<Unit filename="java/util/function/IntBinaryOperator.d" />
		<Unit filename="java/util/function/IntConsumer.d" />
		<Unit filename="java/util/function/IntFunction.d" />
		<Unit filename="java/util/function/IntPredicate.d" />
		<Unit filename="java/util/function/IntSupplier.d" />
		<Unit filename="java/util/function/IntToDoubleFunction.d" />
		<Unit filename="java/util/function/IntToLongFunction.d" />
		<Unit filename="java/util/function/IntUnaryOperator.d" />
		<Unit filename="java/util/function/LongBinaryOperator.d" />
		<Unit filename="java/util/function/LongConsumer.d" />
		<Unit filename="java/util/function/LongFunction.d" />
		<Unit filename="java/util/function/LongPredicate.d" />
		<Unit filename="java/util/function/LongSupplier.d" />
		<Unit filename="java/util/function/LongToDoubleFunction.d" />
		<Unit filename="java/util/function/LongToIntFunction.d" />
		<Unit filename="java/util/function/LongUnaryOperator.d" />
		<Unit filename="java/util/function/ObjDoubleConsumer.d" />
		<Unit filename="java/util/function/ObjIntConsumer.d" />
		<Unit filename="java/util/function/ObjLongConsumer.d" />
		<Unit filename="java/util/function/Predicate.d" />
		<Unit filename="java/util/function/Supplier.d" />
		<Unit filename="java/util/function/ToDoubleBiFunction.d" />
		<Unit filename="java/util/function/ToDoubleFunction.d" />
		<Unit filename="java/util/function/ToIntBiFunction.d" />
		<Unit filename="java/util/function/ToIntFunction.d" />
		<Unit filename="java/util/function/ToLongBiFunction.d" />
		<Unit filename="java/util/function/ToLongFunction.d" />
		<Unit filename="java/util/function/UnaryOperator.d" />
		<Unit filename="java/util/function/package-info.d" />
		<Unit filename="java/util/jar/Attributes.d" />
		<Unit filename="java/util/jar/JarEntry.d" />
		<Unit filename="java/util/jar/JarException.d" />
		<Unit filename="java/util/jar/JarFile.d" />
		<Unit filename="java/util/jar/JarInputStream.d" />
		<Unit filename="java/util/jar/JarOutputStream.d" />
		<Unit filename="java/util/jar/JarVerifier.d" />
		<Unit filename="java/util/jar/Manifest.d" />
		<Unit filename="java/util/jar/Pack200.d" />
		<Unit filename="java/util/logging/ConsoleHandler.d" />
		<Unit filename="java/util/logging/ErrorManager.d" />
		<Unit filename="java/util/logging/FileHandler.d" />
		<Unit filename="java/util/logging/Filter.d" />
		<Unit filename="java/util/logging/Formatter.d" />
		<Unit filename="java/util/logging/Handler.d" />
		<Unit filename="java/util/logging/Level.d" />
		<Unit filename="java/util/logging/LogManager.d" />
		<Unit filename="java/util/logging/LogRecord.d" />
		<Unit filename="java/util/logging/Logger.d" />
		<Unit filename="java/util/logging/Logging.d" />
		<Unit filename="java/util/logging/LoggingMXBean.d" />
		<Unit filename="java/util/logging/LoggingPermission.d" />
		<Unit filename="java/util/logging/LoggingProxyImpl.d" />
		<Unit filename="java/util/logging/MemoryHandler.d" />
		<Unit filename="java/util/logging/SimpleFormatter.d" />
		<Unit filename="java/util/logging/SocketHandler.d" />
		<Unit filename="java/util/logging/StreamHandler.d" />
		<Unit filename="java/util/logging/XMLFormatter.d" />
		<Unit filename="java/util/prefs/AbstractPreferences.d" />
		<Unit filename="java/util/prefs/BackingStoreException.d" />
		<Unit filename="java/util/prefs/Base64.d" />
		<Unit filename="java/util/prefs/FileSystemPreferences.d" />
		<Unit filename="java/util/prefs/FileSystemPreferencesFactory.d" />
		<Unit filename="java/util/prefs/InvalidPreferencesFormatException.d" />
		<Unit filename="java/util/prefs/NodeChangeEvent.d" />
		<Unit filename="java/util/prefs/NodeChangeListener.d" />
		<Unit filename="java/util/prefs/PreferenceChangeEvent.d" />
		<Unit filename="java/util/prefs/PreferenceChangeListener.d" />
		<Unit filename="java/util/prefs/Preferences.d" />
		<Unit filename="java/util/prefs/PreferencesFactory.d" />
		<Unit filename="java/util/prefs/XmlSupport.d" />
		<Unit filename="java/util/regex/MatchResult.d" />
		<Unit filename="java/util/regex/Matcher.d" />
		<Unit filename="java/util/regex/Pattern.d" />
		<Unit filename="java/util/regex/PatternSyntaxException.d" />
		<Unit filename="java/util/stream/AbstractPipeline.d" />
		<Unit filename="java/util/stream/AbstractShortCircuitTask.d" />
		<Unit filename="java/util/stream/AbstractSpinedBuffer.d" />
		<Unit filename="java/util/stream/AbstractTask.d" />
		<Unit filename="java/util/stream/BaseStream.d" />
		<Unit filename="java/util/stream/Collector.d" />
		<Unit filename="java/util/stream/CollectorOps.d" />
		<Unit filename="java/util/stream/Collectors.d" />
		<Unit filename="java/util/stream/DistinctOps.d" />
		<Unit filename="java/util/stream/DoubleNodeTest.d" />
		<Unit filename="java/util/stream/DoublePipeline.d" />
		<Unit filename="java/util/stream/DoubleStream.d" />
		<Unit filename="java/util/stream/DoubleStreamTestDataProvider.d" />
		<Unit filename="java/util/stream/DoubleStreamTestScenario.d" />
		<Unit filename="java/util/stream/FindOps.d" />
		<Unit filename="java/util/stream/FlagDeclaringOp.d" />
		<Unit filename="java/util/stream/FlagOpTest.d" />
		<Unit filename="java/util/stream/ForEachOps.d" />
		<Unit filename="java/util/stream/IntNodeTest.d" />
		<Unit filename="java/util/stream/IntPipeline.d" />
		<Unit filename="java/util/stream/IntStream.d" />
		<Unit filename="java/util/stream/IntStreamTestDataProvider.d" />
		<Unit filename="java/util/stream/IntStreamTestScenario.d" />
		<Unit filename="java/util/stream/IntermediateTestOp.d" />
		<Unit filename="java/util/stream/LambdaTestHelpers.d" />
		<Unit filename="java/util/stream/LambdaTestMode.d" />
		<Unit filename="java/util/stream/LoggingTestCase.d" />
		<Unit filename="java/util/stream/LongNodeTest.d" />
		<Unit filename="java/util/stream/LongPipeline.d" />
		<Unit filename="java/util/stream/LongStream.d" />
		<Unit filename="java/util/stream/LongStreamTestDataProvider.d" />
		<Unit filename="java/util/stream/LongStreamTestScenario.d" />
		<Unit filename="java/util/stream/MatchOps.d" />
		<Unit filename="java/util/stream/Node.d" />
		<Unit filename="java/util/stream/NodeBuilderTest.d" />
		<Unit filename="java/util/stream/NodeTest.d" />
		<Unit filename="java/util/stream/Nodes.d" />
		<Unit filename="java/util/stream/OpTestCase.d" />
		<Unit filename="java/util/stream/PipelineHelper.d" />
		<Unit filename="java/util/stream/ReduceOps.d" />
		<Unit filename="java/util/stream/ReferencePipeline.d" />
		<Unit filename="java/util/stream/Sink.d" />
		<Unit filename="java/util/stream/SliceOps.d" />
		<Unit filename="java/util/stream/SliceSpliteratorTest.d" />
		<Unit filename="java/util/stream/SortedOps.d" />
		<Unit filename="java/util/stream/SpinedBuffer.d" />
		<Unit filename="java/util/stream/SpinedBufferTest.d" />
		<Unit filename="java/util/stream/SpliteratorTestHelper.d" />
		<Unit filename="java/util/stream/StatefulTestOp.d" />
		<Unit filename="java/util/stream/StatelessTestOp.d" />
		<Unit filename="java/util/stream/Stream.d" />
		<Unit filename="java/util/stream/StreamFlagsTest.d" />
		<Unit filename="java/util/stream/StreamOpFlag.d" />
		<Unit filename="java/util/stream/StreamOpFlagTestHelper.d" />
		<Unit filename="java/util/stream/StreamOpFlagsTest.d" />
		<Unit filename="java/util/stream/StreamReuseTest.d" />
		<Unit filename="java/util/stream/StreamShape.d" />
		<Unit filename="java/util/stream/StreamSpliterators.d" />
		<Unit filename="java/util/stream/StreamSupport.d" />
		<Unit filename="java/util/stream/StreamTestDataProvider.d" />
		<Unit filename="java/util/stream/StreamTestScenario.d" />
		<Unit filename="java/util/stream/Streams.d" />
		<Unit filename="java/util/stream/TerminalOp.d" />
		<Unit filename="java/util/stream/TerminalSink.d" />
		<Unit filename="java/util/stream/TestData.d" />
		<Unit filename="java/util/stream/TestFlagExpectedOp.d" />
		<Unit filename="java/util/stream/Tripwire.d" />
		<Unit filename="java/util/stream/package-info.d" />
		<Unit filename="java/util/zip/Adler32.d" />
		<Unit filename="java/util/zip/CRC32.d" />
		<Unit filename="java/util/zip/CheckedInputStream.d" />
		<Unit filename="java/util/zip/CheckedOutputStream.d" />
		<Unit filename="java/util/zip/Checksum.d" />
		<Unit filename="java/util/zip/DataFormatException.d" />
		<Unit filename="java/util/zip/Deflater.d" />
		<Unit filename="java/util/zip/DeflaterInputStream.d" />
		<Unit filename="java/util/zip/DeflaterOutputStream.d" />
		<Unit filename="java/util/zip/GZIPInputStream.d" />
		<Unit filename="java/util/zip/GZIPOutputStream.d" />
		<Unit filename="java/util/zip/Inflater.d" />
		<Unit filename="java/util/zip/InflaterInputStream.d" />
		<Unit filename="java/util/zip/InflaterOutputStream.d" />
		<Unit filename="java/util/zip/ZStreamRef.d" />
		<Unit filename="java/util/zip/ZipCoder.d" />
		<Unit filename="java/util/zip/ZipConstants.d" />
		<Unit filename="java/util/zip/ZipConstants64.d" />
		<Unit filename="java/util/zip/ZipEntry.d" />
		<Unit filename="java/util/zip/ZipError.d" />
		<Unit filename="java/util/zip/ZipException.d" />
		<Unit filename="java/util/zip/ZipFile.d" />
		<Unit filename="java/util/zip/ZipInputStream.d" />
		<Unit filename="java/util/zip/ZipOutputStream.d" />
		<Unit filename="java/util/zip/ZipUtils.d" />
		<Extensions>
			<code_completion />
			<envvars />
			<debugger />
			<lib_finder disable_auto="1" />
		</Extensions>
	</Project>
</CodeBlocks_project_file>
