<?xml version="1.0" encoding="UTF-8" standalone="yes" ?>
<CodeBlocks_project_file>
	<FileVersion major="1" minor="6" />
	<Project>
		<Option title="javax" />
		<Option pch_mode="2" />
		<Option compiler="dmd" />
		<Build>
			<Target title="Debug">
				<Option output="bin/Debug/javax" prefix_auto="1" extension_auto="1" />
				<Option object_output="obj/Debug/" />
				<Option type="1" />
				<Option compiler="dmd" />
				<Compiler>
					<Add option="-g" />
					<Add option="-debug" />
				</Compiler>
			</Target>
			<Target title="Release">
				<Option output="bin/Release/javax" prefix_auto="1" extension_auto="1" />
				<Option object_output="obj/Release/" />
				<Option type="1" />
				<Option compiler="dmd" />
				<Compiler>
					<Add option="-O" />
				</Compiler>
			</Target>
		</Build>
		<Unit filename="javax/crypto/AEADBadTagException.d" />
		<Unit filename="javax/crypto/BadPaddingException.d" />
		<Unit filename="javax/crypto/Cipher.d" />
		<Unit filename="javax/crypto/CipherInputStream.d" />
		<Unit filename="javax/crypto/CipherOutputStream.d" />
		<Unit filename="javax/crypto/CipherSpi.d" />
		<Unit filename="javax/crypto/CryptoAllPermission.d" />
		<Unit filename="javax/crypto/CryptoPermission.d" />
		<Unit filename="javax/crypto/CryptoPermissions.d" />
		<Unit filename="javax/crypto/CryptoPolicyParser.d" />
		<Unit filename="javax/crypto/EncryptedPrivateKeyInfo.d" />
		<Unit filename="javax/crypto/ExemptionMechanism.d" />
		<Unit filename="javax/crypto/ExemptionMechanismException.d" />
		<Unit filename="javax/crypto/ExemptionMechanismSpi.d" />
		<Unit filename="javax/crypto/IllegalBlockSizeException.d" />
		<Unit filename="javax/crypto/JarVerifier.d" />
		<Unit filename="javax/crypto/JceSecurity.d" />
		<Unit filename="javax/crypto/JceSecurityManager.d" />
		<Unit filename="javax/crypto/KeyAgreement.d" />
		<Unit filename="javax/crypto/KeyAgreementSpi.d" />
		<Unit filename="javax/crypto/KeyGenerator.d" />
		<Unit filename="javax/crypto/KeyGeneratorSpi.d" />
		<Unit filename="javax/crypto/Mac.d" />
		<Unit filename="javax/crypto/MacSpi.d" />
		<Unit filename="javax/crypto/NoSuchPaddingException.d" />
		<Unit filename="javax/crypto/NullCipher.d" />
		<Unit filename="javax/crypto/NullCipherSpi.d" />
		<Unit filename="javax/crypto/SealedObject.d" />
		<Unit filename="javax/crypto/SecretKey.d" />
		<Unit filename="javax/crypto/SecretKeyFactory.d" />
		<Unit filename="javax/crypto/SecretKeyFactorySpi.d" />
		<Unit filename="javax/crypto/ShortBufferException.d" />
		<Unit filename="javax/crypto/interfaces/DHKey.d" />
		<Unit filename="javax/crypto/interfaces/DHPrivateKey.d" />
		<Unit filename="javax/crypto/interfaces/DHPublicKey.d" />
		<Unit filename="javax/crypto/interfaces/PBEKey.d" />
		<Unit filename="javax/crypto/spec/DESKeySpec.d" />
		<Unit filename="javax/crypto/spec/DESedeKeySpec.d" />
		<Unit filename="javax/crypto/spec/DHGenParameterSpec.d" />
		<Unit filename="javax/crypto/spec/DHParameterSpec.d" />
		<Unit filename="javax/crypto/spec/DHPrivateKeySpec.d" />
		<Unit filename="javax/crypto/spec/DHPublicKeySpec.d" />
		<Unit filename="javax/crypto/spec/GCMParameterSpec.d" />
		<Unit filename="javax/crypto/spec/IvParameterSpec.d" />
		<Unit filename="javax/crypto/spec/OAEPParameterSpec.d" />
		<Unit filename="javax/crypto/spec/PBEKeySpec.d" />
		<Unit filename="javax/crypto/spec/PBEParameterSpec.d" />
		<Unit filename="javax/crypto/spec/PSource.d" />
		<Unit filename="javax/crypto/spec/RC2ParameterSpec.d" />
		<Unit filename="javax/crypto/spec/RC5ParameterSpec.d" />
		<Unit filename="javax/crypto/spec/SecretKeySpec.d" />
		<Unit filename="javax/microedition/khronos/egl/EGL.d" />
		<Unit filename="javax/microedition/khronos/egl/EGL10.d" />
		<Unit filename="javax/microedition/khronos/egl/EGL11.d" />
		<Unit filename="javax/microedition/khronos/egl/EGLConfig.d" />
		<Unit filename="javax/microedition/khronos/egl/EGLContext.d" />
		<Unit filename="javax/microedition/khronos/egl/EGLDisplay.d" />
		<Unit filename="javax/microedition/khronos/egl/EGLSurface.d" />
		<Unit filename="javax/microedition/khronos/opengles/GL.d" />
		<Unit filename="javax/microedition/khronos/opengles/GL10.d" />
		<Unit filename="javax/microedition/khronos/opengles/GL10Ext.d" />
		<Unit filename="javax/microedition/khronos/opengles/GL11.d" />
		<Unit filename="javax/microedition/khronos/opengles/GL11Ext.d" />
		<Unit filename="javax/microedition/khronos/opengles/GL11ExtensionPack.d" />
		<Unit filename="javax/net/ServerSocketFactory.d" />
		<Unit filename="javax/net/SocketFactory.d" />
		<Unit filename="javax/net/ssl/CertPathTrustManagerParameters.d" />
		<Unit filename="javax/net/ssl/ExtendedSSLSession.d" />
		<Unit filename="javax/net/ssl/HandshakeCompletedEvent.d" />
		<Unit filename="javax/net/ssl/HandshakeCompletedListener.d" />
		<Unit filename="javax/net/ssl/HostnameVerifier.d" />
		<Unit filename="javax/net/ssl/HttpsURLConnection.d" />
		<Unit filename="javax/net/ssl/KeyManager.d" />
		<Unit filename="javax/net/ssl/KeyManagerFactory.d" />
		<Unit filename="javax/net/ssl/KeyManagerFactorySpi.d" />
		<Unit filename="javax/net/ssl/KeyStoreBuilderParameters.d" />
		<Unit filename="javax/net/ssl/ManagerFactoryParameters.d" />
		<Unit filename="javax/net/ssl/SNIHostName.d" />
		<Unit filename="javax/net/ssl/SNIMatcher.d" />
		<Unit filename="javax/net/ssl/SNIServerName.d" />
		<Unit filename="javax/net/ssl/SSLContext.d" />
		<Unit filename="javax/net/ssl/SSLContextSpi.d" />
		<Unit filename="javax/net/ssl/SSLEngine.d" />
		<Unit filename="javax/net/ssl/SSLEngineResult.d" />
		<Unit filename="javax/net/ssl/SSLException.d" />
		<Unit filename="javax/net/ssl/SSLHandshakeException.d" />
		<Unit filename="javax/net/ssl/SSLKeyException.d" />
		<Unit filename="javax/net/ssl/SSLParameters.d" />
		<Unit filename="javax/net/ssl/SSLPeerUnverifiedException.d" />
		<Unit filename="javax/net/ssl/SSLPermission.d" />
		<Unit filename="javax/net/ssl/SSLProtocolException.d" />
		<Unit filename="javax/net/ssl/SSLServerSocket.d" />
		<Unit filename="javax/net/ssl/SSLServerSocketFactory.d" />
		<Unit filename="javax/net/ssl/SSLSession.d" />
		<Unit filename="javax/net/ssl/SSLSessionBindingEvent.d" />
		<Unit filename="javax/net/ssl/SSLSessionBindingListener.d" />
		<Unit filename="javax/net/ssl/SSLSessionContext.d" />
		<Unit filename="javax/net/ssl/SSLSocket.d" />
		<Unit filename="javax/net/ssl/SSLSocketFactory.d" />
		<Unit filename="javax/net/ssl/StandardConstants.d" />
		<Unit filename="javax/net/ssl/TrustManager.d" />
		<Unit filename="javax/net/ssl/TrustManagerFactory.d" />
		<Unit filename="javax/net/ssl/TrustManagerFactorySpi.d" />
		<Unit filename="javax/net/ssl/X509ExtendedKeyManager.d" />
		<Unit filename="javax/net/ssl/X509ExtendedTrustManager.d" />
		<Unit filename="javax/net/ssl/X509KeyManager.d" />
		<Unit filename="javax/net/ssl/X509TrustManager.d" />
		<Unit filename="javax/obex/ApplicationParameter.d" />
		<Unit filename="javax/obex/Authenticator.d" />
		<Unit filename="javax/obex/BaseStream.d" />
		<Unit filename="javax/obex/ClientOperation.d" />
		<Unit filename="javax/obex/ClientSession.d" />
		<Unit filename="javax/obex/HeaderSet.d" />
		<Unit filename="javax/obex/ObexHelper.d" />
		<Unit filename="javax/obex/ObexPacket.d" />
		<Unit filename="javax/obex/ObexSession.d" />
		<Unit filename="javax/obex/ObexTransport.d" />
		<Unit filename="javax/obex/Operation.d" />
		<Unit filename="javax/obex/PasswordAuthentication.d" />
		<Unit filename="javax/obex/PrivateInputStream.d" />
		<Unit filename="javax/obex/PrivateOutputStream.d" />
		<Unit filename="javax/obex/ResponseCodes.d" />
		<Unit filename="javax/obex/ServerOperation.d" />
		<Unit filename="javax/obex/ServerRequestHandler.d" />
		<Unit filename="javax/obex/ServerSession.d" />
		<Unit filename="javax/obex/SessionNotifier.d" />
		<Unit filename="javax/security/auth/AuthPermission.d" />
		<Unit filename="javax/security/auth/DestroyFailedException.d" />
		<Unit filename="javax/security/auth/Destroyable.d" />
		<Unit filename="javax/security/auth/PrivateCredentialPermission.d" />
		<Unit filename="javax/security/auth/Subject.d" />
		<Unit filename="javax/security/auth/SubjectDomainCombiner.d" />
		<Unit filename="javax/security/auth/callback/Callback.d" />
		<Unit filename="javax/security/auth/callback/CallbackHandler.d" />
		<Unit filename="javax/security/auth/callback/PasswordCallback.d" />
		<Unit filename="javax/security/auth/callback/UnsupportedCallbackException.d" />
		<Unit filename="javax/security/auth/callback/package-info.d" />
		<Unit filename="javax/security/auth/login/LoginException.d" />
		<Unit filename="javax/security/auth/login/package-info.d" />
		<Unit filename="javax/security/auth/package-info.d" />
		<Unit filename="javax/security/auth/x500/X500Principal.d" />
		<Unit filename="javax/security/auth/x500/package-info.d" />
		<Unit filename="javax/security/cert/Certificate.d" />
		<Unit filename="javax/security/cert/CertificateEncodingException.d" />
		<Unit filename="javax/security/cert/CertificateException.d" />
		<Unit filename="javax/security/cert/CertificateExpiredException.d" />
		<Unit filename="javax/security/cert/CertificateNotYetValidException.d" />
		<Unit filename="javax/security/cert/CertificateParsingException.d" />
		<Unit filename="javax/security/cert/X509Certificate.d" />
		<Unit filename="javax/security/cert/package-info.d" />
		<Unit filename="javax/sql/CommonDataSource.d" />
		<Unit filename="javax/sql/ConnectionEvent.d" />
		<Unit filename="javax/sql/ConnectionEventListener.d" />
		<Unit filename="javax/sql/ConnectionPoolDataSource.d" />
		<Unit filename="javax/sql/DataSource.d" />
		<Unit filename="javax/sql/PooledConnection.d" />
		<Unit filename="javax/sql/RowSet.d" />
		<Unit filename="javax/sql/RowSetEvent.d" />
		<Unit filename="javax/sql/RowSetInternal.d" />
		<Unit filename="javax/sql/RowSetListener.d" />
		<Unit filename="javax/sql/RowSetMetaData.d" />
		<Unit filename="javax/sql/RowSetReader.d" />
		<Unit filename="javax/sql/RowSetWriter.d" />
		<Unit filename="javax/sql/StatementEvent.d" />
		<Unit filename="javax/sql/StatementEventListener.d" />
		<Unit filename="javax/xml/XMLConstants.d" />
		<Unit filename="javax/xml/datatype/DatatypeConfigurationException.d" />
		<Unit filename="javax/xml/datatype/DatatypeConstants.d" />
		<Unit filename="javax/xml/datatype/DatatypeFactory.d" />
		<Unit filename="javax/xml/datatype/Duration.d" />
		<Unit filename="javax/xml/datatype/FactoryFinder.d" />
		<Unit filename="javax/xml/datatype/XMLGregorianCalendar.d" />
		<Unit filename="javax/xml/namespace/NamespaceContext.d" />
		<Unit filename="javax/xml/namespace/QName.d" />
		<Unit filename="javax/xml/parsers/DocumentBuilder.d" />
		<Unit filename="javax/xml/parsers/DocumentBuilderFactory.d" />
		<Unit filename="javax/xml/parsers/FactoryConfigurationError.d" />
		<Unit filename="javax/xml/parsers/FilePathToURI.d" />
		<Unit filename="javax/xml/parsers/ParserConfigurationException.d" />
		<Unit filename="javax/xml/parsers/SAXParser.d" />
		<Unit filename="javax/xml/parsers/SAXParserFactory.d" />
		<Unit filename="javax/xml/transform/ErrorListener.d" />
		<Unit filename="javax/xml/transform/OutputKeys.d" />
		<Unit filename="javax/xml/transform/Result.d" />
		<Unit filename="javax/xml/transform/Source.d" />
		<Unit filename="javax/xml/transform/SourceLocator.d" />
		<Unit filename="javax/xml/transform/Templates.d" />
		<Unit filename="javax/xml/transform/Transformer.d" />
		<Unit filename="javax/xml/transform/TransformerConfigurationException.d" />
		<Unit filename="javax/xml/transform/TransformerException.d" />
		<Unit filename="javax/xml/transform/TransformerFactory.d" />
		<Unit filename="javax/xml/transform/TransformerFactoryConfigurationError.d" />
		<Unit filename="javax/xml/transform/URIResolver.d" />
		<Unit filename="javax/xml/transform/dom/DOMLocator.d" />
		<Unit filename="javax/xml/transform/dom/DOMResult.d" />
		<Unit filename="javax/xml/transform/dom/DOMSource.d" />
		<Unit filename="javax/xml/transform/sax/SAXResult.d" />
		<Unit filename="javax/xml/transform/sax/SAXSource.d" />
		<Unit filename="javax/xml/transform/sax/SAXTransformerFactory.d" />
		<Unit filename="javax/xml/transform/sax/TemplatesHandler.d" />
		<Unit filename="javax/xml/transform/sax/TransformerHandler.d" />
		<Unit filename="javax/xml/transform/stream/FilePathToURI.d" />
		<Unit filename="javax/xml/transform/stream/StreamResult.d" />
		<Unit filename="javax/xml/transform/stream/StreamSource.d" />
		<Unit filename="javax/xml/validation/Schema.d" />
		<Unit filename="javax/xml/validation/SchemaFactory.d" />
		<Unit filename="javax/xml/validation/SchemaFactoryFinder.d" />
		<Unit filename="javax/xml/validation/SchemaFactoryLoader.d" />
		<Unit filename="javax/xml/validation/TypeInfoProvider.d" />
		<Unit filename="javax/xml/validation/Validator.d" />
		<Unit filename="javax/xml/validation/ValidatorHandler.d" />
		<Unit filename="javax/xml/xpath/XPath.d" />
		<Unit filename="javax/xml/xpath/XPathConstants.d" />
		<Unit filename="javax/xml/xpath/XPathException.d" />
		<Unit filename="javax/xml/xpath/XPathExpression.d" />
		<Unit filename="javax/xml/xpath/XPathExpressionException.d" />
		<Unit filename="javax/xml/xpath/XPathFactory.d" />
		<Unit filename="javax/xml/xpath/XPathFactoryConfigurationException.d" />
		<Unit filename="javax/xml/xpath/XPathFactoryFinder.d" />
		<Unit filename="javax/xml/xpath/XPathFunction.d" />
		<Unit filename="javax/xml/xpath/XPathFunctionException.d" />
		<Unit filename="javax/xml/xpath/XPathFunctionResolver.d" />
		<Unit filename="javax/xml/xpath/XPathVariableResolver.d" />
		<Extensions>
			<code_completion />
			<envvars />
			<debugger />
			<lib_finder disable_auto="1" />
		</Extensions>
	</Project>
</CodeBlocks_project_file>
